
Microsoft Visual Studio Solution File, Format Version 12.00
# Visual Studio Version 17
VisualStudioVersion = 17.12.35527.113
MinimumVisualStudioVersion = 10.0.40219.1
Project("{FAE04EC0-301F-11D3-BF4B-00C04F79EFBC}") = "Api", "Api\Api.csproj", "{7296A247-9E9A-4A49-8009-DEEBDA9DD121}"
EndProject
Project("{2150E333-8FDC-42A3-9474-1A3956D46DE8}") = "Domain", "Domain", "{41DA6BB7-403D-4D71-8EF0-428214B1AD5F}"
EndProject
Project("{FAE04EC0-301F-11D3-BF4B-00C04F79EFBC}") = "Domain", "Domain\Domain.csproj", "{70C216E7-9B63-479E-A676-0136D716AD84}"
EndProject
Project("{2150E333-8FDC-42A3-9474-1A3956D46DE8}") = "Infraestructura", "Infraestructura", "{7EF59C09-7730-43D3-AAF2-C9A713B520E2}"
EndProject
Project("{FAE04EC0-301F-11D3-BF4B-00C04F79EFBC}") = "Infrastructure", "Infrastructure\Infrastructure.csproj", "{D9275755-68CF-498D-9140-707BB682AD8F}"
EndProject
Project("{2150E333-8FDC-42A3-9474-1A3956D46DE8}") = "Aplicacion", "Aplicacion", "{FD39E878-0F76-4BE7-B07B-F6B279D920C2}"
EndProject
Project("{FAE04EC0-301F-11D3-BF4B-00C04F79EFBC}") = "Aplicacion", "Aplicacion\Aplicacion.csproj", "{9751749D-1948-448B-A92C-92BA3B70EDD1}"
EndProject
Project("{FAE04EC0-301F-11D3-BF4B-00C04F79EFBC}") = "ApiFirma", "ApiFirma\ApiFirma.csproj", "{2978D4AE-FC7D-4D5A-B6B4-A233CD3CC154}"
EndProject
Global
	GlobalSection(SolutionConfigurationPlatforms) = preSolution
		Debug|Any CPU = Debug|Any CPU
		Release|Any CPU = Release|Any CPU
	EndGlobalSection
	GlobalSection(ProjectConfigurationPlatforms) = postSolution
		{7296A247-9E9A-4A49-8009-DEEBDA9DD121}.Debug|Any CPU.ActiveCfg = Debug|Any CPU
		{7296A247-9E9A-4A49-8009-DEEBDA9DD121}.Debug|Any CPU.Build.0 = Debug|Any CPU
		{7296A247-9E9A-4A49-8009-DEEBDA9DD121}.Release|Any CPU.ActiveCfg = Release|Any CPU
		{7296A247-9E9A-4A49-8009-DEEBDA9DD121}.Release|Any CPU.Build.0 = Release|Any CPU
		{70C216E7-9B63-479E-A676-0136D716AD84}.Debug|Any CPU.ActiveCfg = Debug|Any CPU
		{70C216E7-9B63-479E-A676-0136D716AD84}.Debug|Any CPU.Build.0 = Debug|Any CPU
		{70C216E7-9B63-479E-A676-0136D716AD84}.Release|Any CPU.ActiveCfg = Release|Any CPU
		{70C216E7-9B63-479E-A676-0136D716AD84}.Release|Any CPU.Build.0 = Release|Any CPU
		{D9275755-68CF-498D-9140-707BB682AD8F}.Debug|Any CPU.ActiveCfg = Debug|Any CPU
		{D9275755-68CF-498D-9140-707BB682AD8F}.Debug|Any CPU.Build.0 = Debug|Any CPU
		{D9275755-68CF-498D-9140-707BB682AD8F}.Release|Any CPU.ActiveCfg = Release|Any CPU
		{D9275755-68CF-498D-9140-707BB682AD8F}.Release|Any CPU.Build.0 = Release|Any CPU
		{9751749D-1948-448B-A92C-92BA3B70EDD1}.Debug|Any CPU.ActiveCfg = Debug|Any CPU
		{9751749D-1948-448B-A92C-92BA3B70EDD1}.Debug|Any CPU.Build.0 = Debug|Any CPU
		{9751749D-1948-448B-A92C-92BA3B70EDD1}.Release|Any CPU.ActiveCfg = Release|Any CPU
		{9751749D-1948-448B-A92C-92BA3B70EDD1}.Release|Any CPU.Build.0 = Release|Any CPU
		{2978D4AE-FC7D-4D5A-B6B4-A233CD3CC154}.Debug|Any CPU.ActiveCfg = Debug|Any CPU
		{2978D4AE-FC7D-4D5A-B6B4-A233CD3CC154}.Debug|Any CPU.Build.0 = Debug|Any CPU
		{2978D4AE-FC7D-4D5A-B6B4-A233CD3CC154}.Release|Any CPU.ActiveCfg = Release|Any CPU
		{2978D4AE-FC7D-4D5A-B6B4-A233CD3CC154}.Release|Any CPU.Build.0 = Release|Any CPU
	EndGlobalSection
	GlobalSection(SolutionProperties) = preSolution
		HideSolutionNode = FALSE
	EndGlobalSection
	GlobalSection(NestedProjects) = preSolution
		{70C216E7-9B63-479E-A676-0136D716AD84} = {41DA6BB7-403D-4D71-8EF0-428214B1AD5F}
		{D9275755-68CF-498D-9140-707BB682AD8F} = {7EF59C09-7730-43D3-AAF2-C9A713B520E2}
		{9751749D-1948-448B-A92C-92BA3B70EDD1} = {FD39E878-0F76-4BE7-B07B-F6B279D920C2}
	EndGlobalSection
EndGlobal
